
Microsoft Visual Studio Solution File, Format Version 12.00
# Visual Studio 15
VisualStudioVersion = 15.0.28307.1433
MinimumVisualStudioVersion = 10.0.40219.1
Project("{FAE04EC0-301F-11D3-BF4B-00C04F79EFBC}") = "FixedAssetManagement", "FixedAssetManagement\FixedAssetManagement.csproj", "{E3542A51-91B0-46A1-9248-3038EF1A4408}"
EndProject
Global
	GlobalSection(SolutionConfigurationPlatforms) = preSolution
		Debug|Any CPU = Debug|Any CPU
		Release|Any CPU = Release|Any CPU
	EndGlobalSection
	GlobalSection(ProjectConfigurationPlatforms) = postSolution
		{E3542A51-91B0-46A1-9248-3038EF1A4408}.Debug|Any CPU.ActiveCfg = Debug|Any CPU
		{E3542A51-91B0-46A1-9248-3038EF1A4408}.Debug|Any CPU.Build.0 = Debug|Any CPU
		{E3542A51-91B0-46A1-9248-3038EF1A4408}.Release|Any CPU.ActiveCfg = Release|Any CPU
		{E3542A51-91B0-46A1-9248-3038EF1A4408}.Release|Any CPU.Build.0 = Release|Any CPU
	EndGlobalSection
	GlobalSection(SolutionProperties) = preSolution
		HideSolutionNode = FALSE
	EndGlobalSection
	GlobalSection(ExtensibilityGlobals) = postSolution
		SolutionGuid = {DB556FAC-67AA-4E45-8443-8646E87DB52D}
	EndGlobalSection
EndGlobal
